
Microsoft Visual Studio Solution File, Format Version 12.00
# Visual Studio 2012
Project("{2150E333-8FDC-42A3-9474-1A3956D46DE8}") = "Shared", "Shared", "{2FAA753A-8EA7-4C5B-A52D-E4825F9AA3C7}"
EndProject
Project("{2150E333-8FDC-42A3-9474-1A3956D46DE8}") = "Targets", "Targets", "{270AEF6F-9F6F-4E10-9E25-CAA27A2F6749}"
EndProject
Project("{FAE04EC0-301F-11D3-BF4B-00C04F79EFBC}") = "ThinkOut.Shared", "ThinkOut.Shared\ThinkOut.Shared.csproj", "{6D0A0FDE-DCE4-4ABF-847B-998E5248D844}"
EndProject
Project("{FAE04EC0-301F-11D3-BF4B-00C04F79EFBC}") = "ThinkOut.Droid", "ThinkOut.Droid\ThinkOut.Droid.csproj", "{4672CA9C-3EB3-4FF3-BBDD-2DBB4913426E}"
EndProject
Project("{FAE04EC0-301F-11D3-BF4B-00C04F79EFBC}") = "ThinkOut.iOS", "ThinkOut.Droid\ThinkOut.iOS\ThinkOut.iOS.csproj", "{BAEEF0EB-421E-47EC-A96C-D799B6B08486}"
EndProject
Global
	GlobalSection(SolutionConfigurationPlatforms) = preSolution
		Debug|Any CPU = Debug|Any CPU
		Release|Any CPU = Release|Any CPU
		Debug|iPhoneSimulator = Debug|iPhoneSimulator
		Release|iPhone = Release|iPhone
		Release|iPhoneSimulator = Release|iPhoneSimulator
		Debug|iPhone = Debug|iPhone
	EndGlobalSection
	GlobalSection(ProjectConfigurationPlatforms) = postSolution
		{6D0A0FDE-DCE4-4ABF-847B-998E5248D844}.Debug|Any CPU.ActiveCfg = Debug|Any CPU
		{6D0A0FDE-DCE4-4ABF-847B-998E5248D844}.Debug|Any CPU.Build.0 = Debug|Any CPU
		{6D0A0FDE-DCE4-4ABF-847B-998E5248D844}.Release|Any CPU.ActiveCfg = Release|Any CPU
		{6D0A0FDE-DCE4-4ABF-847B-998E5248D844}.Release|Any CPU.Build.0 = Release|Any CPU
		{6D0A0FDE-DCE4-4ABF-847B-998E5248D844}.Debug|iPhoneSimulator.ActiveCfg = Debug|Any CPU
		{6D0A0FDE-DCE4-4ABF-847B-998E5248D844}.Debug|iPhoneSimulator.Build.0 = Debug|Any CPU
		{6D0A0FDE-DCE4-4ABF-847B-998E5248D844}.Release|iPhone.ActiveCfg = Release|Any CPU
		{6D0A0FDE-DCE4-4ABF-847B-998E5248D844}.Release|iPhone.Build.0 = Release|Any CPU
		{6D0A0FDE-DCE4-4ABF-847B-998E5248D844}.Release|iPhoneSimulator.ActiveCfg = Release|Any CPU
		{6D0A0FDE-DCE4-4ABF-847B-998E5248D844}.Release|iPhoneSimulator.Build.0 = Release|Any CPU
		{6D0A0FDE-DCE4-4ABF-847B-998E5248D844}.Debug|iPhone.ActiveCfg = Debug|Any CPU
		{6D0A0FDE-DCE4-4ABF-847B-998E5248D844}.Debug|iPhone.Build.0 = Debug|Any CPU
		{4672CA9C-3EB3-4FF3-BBDD-2DBB4913426E}.Debug|Any CPU.ActiveCfg = Debug|Any CPU
		{4672CA9C-3EB3-4FF3-BBDD-2DBB4913426E}.Debug|Any CPU.Build.0 = Debug|Any CPU
		{4672CA9C-3EB3-4FF3-BBDD-2DBB4913426E}.Release|Any CPU.ActiveCfg = Release|Any CPU
		{4672CA9C-3EB3-4FF3-BBDD-2DBB4913426E}.Release|Any CPU.Build.0 = Release|Any CPU
		{4672CA9C-3EB3-4FF3-BBDD-2DBB4913426E}.Debug|iPhoneSimulator.ActiveCfg = Debug|Any CPU
		{4672CA9C-3EB3-4FF3-BBDD-2DBB4913426E}.Debug|iPhoneSimulator.Build.0 = Debug|Any CPU
		{4672CA9C-3EB3-4FF3-BBDD-2DBB4913426E}.Release|iPhone.ActiveCfg = Release|Any CPU
		{4672CA9C-3EB3-4FF3-BBDD-2DBB4913426E}.Release|iPhone.Build.0 = Release|Any CPU
		{4672CA9C-3EB3-4FF3-BBDD-2DBB4913426E}.Release|iPhoneSimulator.ActiveCfg = Release|Any CPU
		{4672CA9C-3EB3-4FF3-BBDD-2DBB4913426E}.Release|iPhoneSimulator.Build.0 = Release|Any CPU
		{4672CA9C-3EB3-4FF3-BBDD-2DBB4913426E}.Debug|iPhone.ActiveCfg = Debug|Any CPU
		{4672CA9C-3EB3-4FF3-BBDD-2DBB4913426E}.Debug|iPhone.Build.0 = Debug|Any CPU
		{BAEEF0EB-421E-47EC-A96C-D799B6B08486}.Debug|Any CPU.ActiveCfg = Debug|iPhoneSimulator
		{BAEEF0EB-421E-47EC-A96C-D799B6B08486}.Debug|Any CPU.Build.0 = Debug|iPhoneSimulator
		{BAEEF0EB-421E-47EC-A96C-D799B6B08486}.Release|Any CPU.ActiveCfg = Release|iPhoneSimulator
		{BAEEF0EB-421E-47EC-A96C-D799B6B08486}.Release|Any CPU.Build.0 = Release|iPhoneSimulator
		{BAEEF0EB-421E-47EC-A96C-D799B6B08486}.Debug|iPhoneSimulator.ActiveCfg = Debug|iPhoneSimulator
		{BAEEF0EB-421E-47EC-A96C-D799B6B08486}.Debug|iPhoneSimulator.Build.0 = Debug|iPhoneSimulator
		{BAEEF0EB-421E-47EC-A96C-D799B6B08486}.Release|iPhone.ActiveCfg = Release|iPhone
		{BAEEF0EB-421E-47EC-A96C-D799B6B08486}.Release|iPhone.Build.0 = Release|iPhone
		{BAEEF0EB-421E-47EC-A96C-D799B6B08486}.Release|iPhoneSimulator.ActiveCfg = Release|iPhoneSimulator
		{BAEEF0EB-421E-47EC-A96C-D799B6B08486}.Release|iPhoneSimulator.Build.0 = Release|iPhoneSimulator
		{BAEEF0EB-421E-47EC-A96C-D799B6B08486}.Debug|iPhone.ActiveCfg = Debug|iPhone
		{BAEEF0EB-421E-47EC-A96C-D799B6B08486}.Debug|iPhone.Build.0 = Debug|iPhone
	EndGlobalSection
	GlobalSection(NestedProjects) = preSolution
		{6D0A0FDE-DCE4-4ABF-847B-998E5248D844} = {2FAA753A-8EA7-4C5B-A52D-E4825F9AA3C7}
		{4672CA9C-3EB3-4FF3-BBDD-2DBB4913426E} = {270AEF6F-9F6F-4E10-9E25-CAA27A2F6749}
		{BAEEF0EB-421E-47EC-A96C-D799B6B08486} = {270AEF6F-9F6F-4E10-9E25-CAA27A2F6749}
	EndGlobalSection
EndGlobal
